
Microsoft Visual Studio Solution File, Format Version 12.00
# Visual Studio Version 16
VisualStudioVersion = 16.0.30621.155
MinimumVisualStudioVersion = 10.0.40219.1
Project("{FAE04EC0-301F-11D3-BF4B-00C04F79EFBC}") = "API", "API\API.csproj", "{BE53074E-1E34-4A5A-9CEE-B3D9727B24C1}"
EndProject
Project("{FAE04EC0-301F-11D3-BF4B-00C04F79EFBC}") = "APP", "APP\APP.csproj", "{A940A2A9-0928-4AF5-842F-231889EA176A}"
EndProject
Global
	GlobalSection(SolutionConfigurationPlatforms) = preSolution
		Debug|Any CPU = Debug|Any CPU
		Release|Any CPU = Release|Any CPU
	EndGlobalSection
	GlobalSection(ProjectConfigurationPlatforms) = postSolution
		{BE53074E-1E34-4A5A-9CEE-B3D9727B24C1}.Debug|Any CPU.ActiveCfg = Debug|Any CPU
		{BE53074E-1E34-4A5A-9CEE-B3D9727B24C1}.Debug|Any CPU.Build.0 = Debug|Any CPU
		{BE53074E-1E34-4A5A-9CEE-B3D9727B24C1}.Release|Any CPU.ActiveCfg = Release|Any CPU
		{BE53074E-1E34-4A5A-9CEE-B3D9727B24C1}.Release|Any CPU.Build.0 = Release|Any CPU
		{A940A2A9-0928-4AF5-842F-231889EA176A}.Debug|Any CPU.ActiveCfg = Debug|Any CPU
		{A940A2A9-0928-4AF5-842F-231889EA176A}.Debug|Any CPU.Build.0 = Debug|Any CPU
		{A940A2A9-0928-4AF5-842F-231889EA176A}.Release|Any CPU.ActiveCfg = Release|Any CPU
		{A940A2A9-0928-4AF5-842F-231889EA176A}.Release|Any CPU.Build.0 = Release|Any CPU
	EndGlobalSection
	GlobalSection(SolutionProperties) = preSolution
		HideSolutionNode = FALSE
	EndGlobalSection
	GlobalSection(ExtensibilityGlobals) = postSolution
		SolutionGuid = {DD88CD4C-93AD-4E35-924F-CBBE9C1653B6}
	EndGlobalSection
EndGlobal
